
Microsoft Visual Studio Solution File, Format Version 12.00
# Visual Studio Version 17
VisualStudioVersion = 17.9.34622.214
MinimumVisualStudioVersion = 10.0.40219.1
Project("{FAE04EC0-301F-11D3-BF4B-00C04F79EFBC}") = "UserControlXAML2", "UserControlXAML2\UserControlXAML2.csproj", "{2C1428B1-2538-4396-8BC2-520878BF7670}"
EndProject
Global
	GlobalSection(SolutionConfigurationPlatforms) = preSolution
		Debug|Any CPU = Debug|Any CPU
		Release|Any CPU = Release|Any CPU
	EndGlobalSection
	GlobalSection(ProjectConfigurationPlatforms) = postSolution
		{2C1428B1-2538-4396-8BC2-520878BF7670}.Debug|Any CPU.ActiveCfg = Debug|Any CPU
		{2C1428B1-2538-4396-8BC2-520878BF7670}.Debug|Any CPU.Build.0 = Debug|Any CPU
		{2C1428B1-2538-4396-8BC2-520878BF7670}.Release|Any CPU.ActiveCfg = Release|Any CPU
		{2C1428B1-2538-4396-8BC2-520878BF7670}.Release|Any CPU.Build.0 = Release|Any CPU
	EndGlobalSection
	GlobalSection(SolutionProperties) = preSolution
		HideSolutionNode = FALSE
	EndGlobalSection
	GlobalSection(ExtensibilityGlobals) = postSolution
		SolutionGuid = {20DA7926-FE5E-4D77-9F01-4597115A510D}
	EndGlobalSection
EndGlobal
