
Microsoft Visual Studio Solution File, Format Version 12.00
# Visual Studio Version 17
VisualStudioVersion = 17.9.34622.214
MinimumVisualStudioVersion = 10.0.40219.1
Project("{FAE04EC0-301F-11D3-BF4B-00C04F79EFBC}") = "Lab1", "Lab1\Lab1.csproj", "{C0EE5338-9D7F-4E40-965E-D1E383A64D25}"
EndProject
Global
	GlobalSection(SolutionConfigurationPlatforms) = preSolution
		Debug|Any CPU = Debug|Any CPU
		Release|Any CPU = Release|Any CPU
	EndGlobalSection
	GlobalSection(ProjectConfigurationPlatforms) = postSolution
		{C0EE5338-9D7F-4E40-965E-D1E383A64D25}.Debug|Any CPU.ActiveCfg = Debug|Any CPU
		{C0EE5338-9D7F-4E40-965E-D1E383A64D25}.Debug|Any CPU.Build.0 = Debug|Any CPU
		{C0EE5338-9D7F-4E40-965E-D1E383A64D25}.Release|Any CPU.ActiveCfg = Release|Any CPU
		{C0EE5338-9D7F-4E40-965E-D1E383A64D25}.Release|Any CPU.Build.0 = Release|Any CPU
	EndGlobalSection
	GlobalSection(SolutionProperties) = preSolution
		HideSolutionNode = FALSE
	EndGlobalSection
	GlobalSection(ExtensibilityGlobals) = postSolution
		SolutionGuid = {72D3A2ED-C184-4AD4-B2F2-FDA4DDB94BB9}
	EndGlobalSection
EndGlobal
